id: openemissions_pigpio_sink
label: PiGPIO Sink
category: '[openemissions]'
flags: [ throttle, python, cpp ]

templates:
    imports: import openemissions
    make: openemissions.pigpio_sink_${type}(${samples_per_second}, ${pin}, ${level}, ${address}, ${wave_buffer_percent}, ${hardware_clock_frequency}, ${pad_milliamps})
    callbacks:
    - set_sample_rate(${samples_per_second})
    - set_pin(${pin})
    - set_level(${level})
    - set_address(${address})
    - set_wave_buffer_percent(${wave_buffer_percent})
    - set_hardware_clock_frequency(${hardware_clock_frequency})
    - set_pad_milliamps(${pad_milliamps})

parameters:
-   id: type
    label: Input Type
    dtype: enum
    default: float
    options: [float, int, short, byte]
    option_labels: ["Float", "Int", "Short", "Byte"]
    option_attributes:
        size: [gr.sizeof_float, gr.sizeof_int, gr.sizeof_short, gr.sizeof_char]
    hide: part
-   id: samples_per_second
    label: Sample Rate
    dtype: real
    default: samp_rate
    hide: part
-   id: vlen
    label: Vec Length
    dtype: int
    default: '1'
    hide: ${ 'part' if vlen == 1 else 'none' }
-   id: pin
    label: Pin
    default: '4'
    dtype: int
-   id: level
    label: Level
    default: '0'
    dtype: ${ type }
-   id: address
    label: pigpiod
    default: 127.0.0.1:8888
    dtype: string
-   id: wave_buffer_percent
    label: DMA Buffer Percent per Wave
    default: '50'
    dtype: int
    category: Advanced
-   id: hardware_clock_frequency
    label: Hardware Clock Frequency
    default: '30000000'
    dtype: int
    category: Advanced
-   id: pad_milliamps
    label: GPIO Pad Milliamps
    default: '0'
    dtype: int
  
#  Make one 'inputs' list entry per input and one 'outputs' list entry per output.
#  Keys include:
#      * label (an identifier for the GUI)
#      * domain (optional - stream or message. Default is stream)
#      * dtype (e.g. int, float, complex, byte, short, xxx_vector, ...)
#      * vlen (optional - data stream vector length. Default is 1)
#      * optional (optional - set to 1 for optional inputs. Default is 0)
inputs:
-   label: Input
    domain: stream
    dtype: ${ type }
    vlen: ${ vlen }

asserts:
- ${ vlen > 0 }
- ${ wave_buffer_percent > 0 and wave_buffer_percent <= 50 }
- ${ pad_milliamps >= 0 and pad_milliamps <= 16 }
    
documentation: |-
    Run the pigpiod service on a raspberry pi and specify the hostname here to drive a gpio
    pin.
    
    The pin is set high if and only if the input signal is greater than the value of Level.
    
    Time resolutions faster than a few microseconds are not reproducible with pigpio,
    so it's probably good to downsample to below 100K sample rate.
    
    Significantly lowering the DMA Buffer Percent per Wave will allow more waves to be queued
    in flight, protecting against buffer underruns, but decrease the amount of data the block
    can process at once.

    The default value of 0 for the pad milliamps will leave the gpio pad
    strength as is.  There are only up to 3 pads spread among all the gpios.

file_format: 1
